// !$*UTF8*$!
{
	archiveVersion = 1;
	classes = {
	};
	objectVersion = 46;
	objects = {

/* Begin PBXBuildFile section */
		846127421A7A3006009ADFC8 /* screen-2.png in Resources */ = {isa = PBXBuildFile; fileRef = 846127401A7A3006009ADFC8 /* screen-2.png */; };
		846127431A7A3006009ADFC8 /* screen-3.png in Resources */ = {isa = PBXBuildFile; fileRef = 846127411A7A3006009ADFC8 /* screen-3.png */; };
		846127451A7A381A009ADFC8 /* tagHelp.png in Resources */ = {isa = PBXBuildFile; fileRef = 846127441A7A381A009ADFC8 /* tagHelp.png */; };
		846127471A7A3E82009ADFC8 /* viewsPositionHelp.png in Resources */ = {isa = PBXBuildFile; fileRef = 846127461A7A3E82009ADFC8 /* viewsPositionHelp.png */; };
		849204B81A77E91D00034AB3 /* main.m in Sources */ = {isa = PBXBuildFile; fileRef = 849204B71A77E91D00034AB3 /* main.m */; };
		849204BB1A77E91D00034AB3 /* AppDelegate.m in Sources */ = {isa = PBXBuildFile; fileRef = 849204BA1A77E91D00034AB3 /* AppDelegate.m */; };
		849204C11A77E91D00034AB3 /* Main.storyboard in Resources */ = {isa = PBXBuildFile; fileRef = 849204BF1A77E91D00034AB3 /* Main.storyboard */; };
		849204C31A77E91D00034AB3 /* Images.xcassets in Resources */ = {isa = PBXBuildFile; fileRef = 849204C21A77E91D00034AB3 /* Images.xcassets */; };
		849204C61A77E91D00034AB3 /* LaunchScreen.xib in Resources */ = {isa = PBXBuildFile; fileRef = 849204C41A77E91D00034AB3 /* LaunchScreen.xib */; };
		849204D21A77E91D00034AB3 /* TipsKitTests.m in Sources */ = {isa = PBXBuildFile; fileRef = 849204D11A77E91D00034AB3 /* TipsKitTests.m */; };
		849204E31A77E94700034AB3 /* TipsViews.xib in Resources */ = {isa = PBXBuildFile; fileRef = 849204DD1A77E94700034AB3 /* TipsViews.xib */; };
		849204E41A77E94700034AB3 /* TMTipObject.m in Sources */ = {isa = PBXBuildFile; fileRef = 849204DF1A77E94700034AB3 /* TMTipObject.m */; };
		849204E51A77E94700034AB3 /* TMTipsKit.m in Sources */ = {isa = PBXBuildFile; fileRef = 849204E11A77E94700034AB3 /* TMTipsKit.m */; };
		849204E81A77E9A600034AB3 /* TMTableViewController.m in Sources */ = {isa = PBXBuildFile; fileRef = 849204E71A77E9A600034AB3 /* TMTableViewController.m */; };
		849DC3F91A78E48E0018FC5C /* Arrows.xcassets in Resources */ = {isa = PBXBuildFile; fileRef = 849DC3F81A78E48E0018FC5C /* Arrows.xcassets */; };
		849DC3FC1A78EBC50018FC5C /* TMTipsWithStylesViewController.m in Sources */ = {isa = PBXBuildFile; fileRef = 849DC3FB1A78EBC50018FC5C /* TMTipsWithStylesViewController.m */; };
/* End PBXBuildFile section */

/* Begin PBXContainerItemProxy section */
		849204CC1A77E91D00034AB3 /* PBXContainerItemProxy */ = {
			isa = PBXContainerItemProxy;
			containerPortal = 849204AA1A77E91D00034AB3 /* Project object */;
			proxyType = 1;
			remoteGlobalIDString = 849204B11A77E91D00034AB3;
			remoteInfo = TipsKit;
		};
/* End PBXContainerItemProxy section */

/* Begin PBXFileReference section */
		846127401A7A3006009ADFC8 /* screen-2.png */ = {isa = PBXFileReference; lastKnownFileType = image.png; path = "screen-2.png"; sourceTree = "<group>"; };
		846127411A7A3006009ADFC8 /* screen-3.png */ = {isa = PBXFileReference; lastKnownFileType = image.png; path = "screen-3.png"; sourceTree = "<group>"; };
		846127441A7A381A009ADFC8 /* tagHelp.png */ = {isa = PBXFileReference; lastKnownFileType = image.png; path = tagHelp.png; sourceTree = "<group>"; };
		846127461A7A3E82009ADFC8 /* viewsPositionHelp.png */ = {isa = PBXFileReference; lastKnownFileType = image.png; path = viewsPositionHelp.png; sourceTree = "<group>"; };
		849204B21A77E91D00034AB3 /* TipsKit.app */ = {isa = PBXFileReference; explicitFileType = wrapper.application; includeInIndex = 0; path = TipsKit.app; sourceTree = BUILT_PRODUCTS_DIR; };
		849204B61A77E91D00034AB3 /* Info.plist */ = {isa = PBXFileReference; lastKnownFileType = text.plist.xml; path = Info.plist; sourceTree = "<group>"; };
		849204B71A77E91D00034AB3 /* main.m */ = {isa = PBXFileReference; lastKnownFileType = sourcecode.c.objc; path = main.m; sourceTree = "<group>"; };
		849204B91A77E91D00034AB3 /* AppDelegate.h */ = {isa = PBXFileReference; lastKnownFileType = sourcecode.c.h; path = AppDelegate.h; sourceTree = "<group>"; };
		849204BA1A77E91D00034AB3 /* AppDelegate.m */ = {isa = PBXFileReference; lastKnownFileType = sourcecode.c.objc; path = AppDelegate.m; sourceTree = "<group>"; };
		849204C01A77E91D00034AB3 /* Base */ = {isa = PBXFileReference; lastKnownFileType = file.storyboard; name = Base; path = Base.lproj/Main.storyboard; sourceTree = "<group>"; };
		849204C21A77E91D00034AB3 /* Images.xcassets */ = {isa = PBXFileReference; lastKnownFileType = folder.assetcatalog; path = Images.xcassets; sourceTree = "<group>"; };
		849204C51A77E91D00034AB3 /* Base */ = {isa = PBXFileReference; lastKnownFileType = file.xib; name = Base; path = Base.lproj/LaunchScreen.xib; sourceTree = "<group>"; };
		849204CB1A77E91D00034AB3 /* TipsKitTests.xctest */ = {isa = PBXFileReference; explicitFileType = wrapper.cfbundle; includeInIndex = 0; path = TipsKitTests.xctest; sourceTree = BUILT_PRODUCTS_DIR; };
		849204D01A77E91D00034AB3 /* Info.plist */ = {isa = PBXFileReference; lastKnownFileType = text.plist.xml; path = Info.plist; sourceTree = "<group>"; };
		849204D11A77E91D00034AB3 /* TipsKitTests.m */ = {isa = PBXFileReference; lastKnownFileType = sourcecode.c.objc; path = TipsKitTests.m; sourceTree = "<group>"; };
		849204DD1A77E94700034AB3 /* TipsViews.xib */ = {isa = PBXFileReference; fileEncoding = 4; lastKnownFileType = file.xib; path = TipsViews.xib; sourceTree = "<group>"; };
		849204DE1A77E94700034AB3 /* TMTipObject.h */ = {isa = PBXFileReference; fileEncoding = 4; lastKnownFileType = sourcecode.c.h; path = TMTipObject.h; sourceTree = "<group>"; };
		849204DF1A77E94700034AB3 /* TMTipObject.m */ = {isa = PBXFileReference; fileEncoding = 4; lastKnownFileType = sourcecode.c.objc; path = TMTipObject.m; sourceTree = "<group>"; };
		849204E01A77E94700034AB3 /* TMTipsKit.h */ = {isa = PBXFileReference; fileEncoding = 4; lastKnownFileType = sourcecode.c.h; path = TMTipsKit.h; sourceTree = "<group>"; };
		849204E11A77E94700034AB3 /* TMTipsKit.m */ = {isa = PBXFileReference; fileEncoding = 4; lastKnownFileType = sourcecode.c.objc; path = TMTipsKit.m; sourceTree = "<group>"; };
		849204E61A77E9A600034AB3 /* TMTableViewController.h */ = {isa = PBXFileReference; fileEncoding = 4; lastKnownFileType = sourcecode.c.h; name = TMTableViewController.h; path = ../TMTableViewController.h; sourceTree = "<group>"; };
		849204E71A77E9A600034AB3 /* TMTableViewController.m */ = {isa = PBXFileReference; fileEncoding = 4; lastKnownFileType = sourcecode.c.objc; name = TMTableViewController.m; path = ../TMTableViewController.m; sourceTree = "<group>"; };
		849DC3F81A78E48E0018FC5C /* Arrows.xcassets */ = {isa = PBXFileReference; lastKnownFileType = folder.assetcatalog; path = Arrows.xcassets; sourceTree = "<group>"; };
		849DC3FA1A78EBC50018FC5C /* TMTipsWithStylesViewController.h */ = {isa = PBXFileReference; fileEncoding = 4; lastKnownFileType = sourcecode.c.h; path = TMTipsWithStylesViewController.h; sourceTree = "<group>"; };
		849DC3FB1A78EBC50018FC5C /* TMTipsWithStylesViewController.m */ = {isa = PBXFileReference; fileEncoding = 4; lastKnownFileType = sourcecode.c.objc; path = TMTipsWithStylesViewController.m; sourceTree = "<group>"; };
/* End PBXFileReference section */

/* Begin PBXFrameworksBuildPhase section */
		849204AF1A77E91D00034AB3 /* Frameworks */ = {
			isa = PBXFrameworksBuildPhase;
			buildActionMask = 2147483647;
			files = (
			);
			runOnlyForDeploymentPostprocessing = 0;
		};
		849204C81A77E91D00034AB3 /* Frameworks */ = {
			isa = PBXFrameworksBuildPhase;
			buildActionMask = 2147483647;
			files = (
			);
			runOnlyForDeploymentPostprocessing = 0;
		};
/* End PBXFrameworksBuildPhase section */

/* Begin PBXGroup section */
		849204A91A77E91D00034AB3 = {
			isa = PBXGroup;
			children = (
				849204DB1A77E94700034AB3 /* TipsAndHints */,
				849204B41A77E91D00034AB3 /* TipsKit */,
				849204CE1A77E91D00034AB3 /* TipsKitTests */,
				849204B31A77E91D00034AB3 /* Products */,
			);
			sourceTree = "<group>";
		};
		849204B31A77E91D00034AB3 /* Products */ = {
			isa = PBXGroup;
			children = (
				849204B21A77E91D00034AB3 /* TipsKit.app */,
				849204CB1A77E91D00034AB3 /* TipsKitTests.xctest */,
			);
			name = Products;
			sourceTree = "<group>";
		};
		849204B41A77E91D00034AB3 /* TipsKit */ = {
			isa = PBXGroup;
			children = (
				849204B91A77E91D00034AB3 /* AppDelegate.h */,
				849204BA1A77E91D00034AB3 /* AppDelegate.m */,
				849204E61A77E9A600034AB3 /* TMTableViewController.h */,
				849204E71A77E9A600034AB3 /* TMTableViewController.m */,
				849204BF1A77E91D00034AB3 /* Main.storyboard */,
				849DC3FA1A78EBC50018FC5C /* TMTipsWithStylesViewController.h */,
				849DC3FB1A78EBC50018FC5C /* TMTipsWithStylesViewController.m */,
				849204C21A77E91D00034AB3 /* Images.xcassets */,
				849204C41A77E91D00034AB3 /* LaunchScreen.xib */,
				849204B51A77E91D00034AB3 /* Supporting Files */,
			);
			path = TipsKit;
			sourceTree = "<group>";
		};
		849204B51A77E91D00034AB3 /* Supporting Files */ = {
			isa = PBXGroup;
			children = (
				846127461A7A3E82009ADFC8 /* viewsPositionHelp.png */,
				846127441A7A381A009ADFC8 /* tagHelp.png */,
				846127401A7A3006009ADFC8 /* screen-2.png */,
				846127411A7A3006009ADFC8 /* screen-3.png */,
				849204B61A77E91D00034AB3 /* Info.plist */,
				849204B71A77E91D00034AB3 /* main.m */,
			);
			name = "Supporting Files";
			sourceTree = "<group>";
		};
		849204CE1A77E91D00034AB3 /* TipsKitTests */ = {
			isa = PBXGroup;
			children = (
				849204D11A77E91D00034AB3 /* TipsKitTests.m */,
				849204CF1A77E91D00034AB3 /* Supporting Files */,
			);
			path = TipsKitTests;
			sourceTree = "<group>";
		};
		849204CF1A77E91D00034AB3 /* Supporting Files */ = {
			isa = PBXGroup;
			children = (
				849204D01A77E91D00034AB3 /* Info.plist */,
			);
			name = "Supporting Files";
			sourceTree = "<group>";
		};
		849204DB1A77E94700034AB3 /* TipsAndHints */ = {
			isa = PBXGroup;
			children = (
				849204DD1A77E94700034AB3 /* TipsViews.xib */,
				849204DE1A77E94700034AB3 /* TMTipObject.h */,
				849204DF1A77E94700034AB3 /* TMTipObject.m */,
				849204E01A77E94700034AB3 /* TMTipsKit.h */,
				849204E11A77E94700034AB3 /* TMTipsKit.m */,
				849DC3F81A78E48E0018FC5C /* Arrows.xcassets */,
			);
			path = TipsAndHints;
			sourceTree = "<group>";
		};
/* End PBXGroup section */

/* Begin PBXNativeTarget section */
		849204B11A77E91D00034AB3 /* TipsKit */ = {
			isa = PBXNativeTarget;
			buildConfigurationList = 849204D51A77E91D00034AB3 /* Build configuration list for PBXNativeTarget "TipsKit" */;
			buildPhases = (
				849204AE1A77E91D00034AB3 /* Sources */,
				849204AF1A77E91D00034AB3 /* Frameworks */,
				849204B01A77E91D00034AB3 /* Resources */,
			);
			buildRules = (
			);
			dependencies = (
			);
			name = TipsKit;
			productName = TipsKit;
			productReference = 849204B21A77E91D00034AB3 /* TipsKit.app */;
			productType = "com.apple.product-type.application";
		};
		849204CA1A77E91D00034AB3 /* TipsKitTests */ = {
			isa = PBXNativeTarget;
			buildConfigurationList = 849204D81A77E91D00034AB3 /* Build configuration list for PBXNativeTarget "TipsKitTests" */;
			buildPhases = (
				849204C71A77E91D00034AB3 /* Sources */,
				849204C81A77E91D00034AB3 /* Frameworks */,
				849204C91A77E91D00034AB3 /* Resources */,
			);
			buildRules = (
			);
			dependencies = (
				849204CD1A77E91D00034AB3 /* PBXTargetDependency */,
			);
			name = TipsKitTests;
			productName = TipsKitTests;
			productReference = 849204CB1A77E91D00034AB3 /* TipsKitTests.xctest */;
			productType = "com.apple.product-type.bundle.unit-test";
		};
/* End PBXNativeTarget section */

/* Begin PBXProject section */
		849204AA1A77E91D00034AB3 /* Project object */ = {
			isa = PBXProject;
			attributes = {
				LastUpgradeCheck = 0610;
				ORGANIZATIONNAME = Techmagic;
				TargetAttributes = {
					849204B11A77E91D00034AB3 = {
						CreatedOnToolsVersion = 6.1.1;
					};
					849204CA1A77E91D00034AB3 = {
						CreatedOnToolsVersion = 6.1.1;
						TestTargetID = 849204B11A77E91D00034AB3;
					};
				};
			};
			buildConfigurationList = 849204AD1A77E91D00034AB3 /* Build configuration list for PBXProject "TipsKit" */;
			compatibilityVersion = "Xcode 3.2";
			developmentRegion = English;
			hasScannedForEncodings = 0;
			knownRegions = (
				en,
				Base,
			);
			mainGroup = 849204A91A77E91D00034AB3;
			productRefGroup = 849204B31A77E91D00034AB3 /* Products */;
			projectDirPath = "";
			projectRoot = "";
			targets = (
				849204B11A77E91D00034AB3 /* TipsKit */,
				849204CA1A77E91D00034AB3 /* TipsKitTests */,
			);
		};
/* End PBXProject section */

/* Begin PBXResourcesBuildPhase section */
		849204B01A77E91D00034AB3 /* Resources */ = {
			isa = PBXResourcesBuildPhase;
			buildActionMask = 2147483647;
			files = (
				849204C11A77E91D00034AB3 /* Main.storyboard in Resources */,
				846127431A7A3006009ADFC8 /* screen-3.png in Resources */,
				849204E31A77E94700034AB3 /* TipsViews.xib in Resources */,
				846127451A7A381A009ADFC8 /* tagHelp.png in Resources */,
				846127471A7A3E82009ADFC8 /* viewsPositionHelp.png in Resources */,
				849204C61A77E91D00034AB3 /* LaunchScreen.xib in Resources */,
				849DC3F91A78E48E0018FC5C /* Arrows.xcassets in Resources */,
				846127421A7A3006009ADFC8 /* screen-2.png in Resources */,
				849204C31A77E91D00034AB3 /* Images.xcassets in Resources */,
			);
			runOnlyForDeploymentPostprocessing = 0;
		};
		849204C91A77E91D00034AB3 /* Resources */ = {
			isa = PBXResourcesBuildPhase;
			buildActionMask = 2147483647;
			files = (
			);
			runOnlyForDeploymentPostprocessing = 0;
		};
/* End PBXResourcesBuildPhase section */

/* Begin PBXSourcesBuildPhase section */
		849204AE1A77E91D00034AB3 /* Sources */ = {
			isa = PBXSourcesBuildPhase;
			buildActionMask = 2147483647;
			files = (
				849204E41A77E94700034AB3 /* TMTipObject.m in Sources */,
				849204E51A77E94700034AB3 /* TMTipsKit.m in Sources */,
				849DC3FC1A78EBC50018FC5C /* TMTipsWithStylesViewController.m in Sources */,
				849204E81A77E9A600034AB3 /* TMTableViewController.m in Sources */,
				849204BB1A77E91D00034AB3 /* AppDelegate.m in Sources */,
				849204B81A77E91D00034AB3 /* main.m in Sources */,
			);
			runOnlyForDeploymentPostprocessing = 0;
		};
		849204C71A77E91D00034AB3 /* Sources */ = {
			isa = PBXSourcesBuildPhase;
			buildActionMask = 2147483647;
			files = (
				849204D21A77E91D00034AB3 /* TipsKitTests.m in Sources */,
			);
			runOnlyForDeploymentPostprocessing = 0;
		};
/* End PBXSourcesBuildPhase section */

/* Begin PBXTargetDependency section */
		849204CD1A77E91D00034AB3 /* PBXTargetDependency */ = {
			isa = PBXTargetDependency;
			target = 849204B11A77E91D00034AB3 /* TipsKit */;
			targetProxy = 849204CC1A77E91D00034AB3 /* PBXContainerItemProxy */;
		};
/* End PBXTargetDependency section */

/* Begin PBXVariantGroup section */
		849204BF1A77E91D00034AB3 /* Main.storyboard */ = {
			isa = PBXVariantGroup;
			children = (
				849204C01A77E91D00034AB3 /* Base */,
			);
			name = Main.storyboard;
			sourceTree = "<group>";
		};
		849204C41A77E91D00034AB3 /* LaunchScreen.xib */ = {
			isa = PBXVariantGroup;
			children = (
				849204C51A77E91D00034AB3 /* Base */,
			);
			name = LaunchScreen.xib;
			sourceTree = "<group>";
		};
/* End PBXVariantGroup section */

/* Begin XCBuildConfiguration section */
		849204D31A77E91D00034AB3 /* Debug */ = {
			isa = XCBuildConfiguration;
			buildSettings = {
				ALWAYS_SEARCH_USER_PATHS = NO;
				CLANG_CXX_LANGUAGE_STANDARD = "gnu++0x";
				CLANG_CXX_LIBRARY = "libc++";
				CLANG_ENABLE_MODULES = YES;
				CLANG_ENABLE_OBJC_ARC = YES;
				CLANG_WARN_BOOL_CONVERSION = YES;
				CLANG_WARN_CONSTANT_CONVERSION = YES;
				CLANG_WARN_DIRECT_OBJC_ISA_USAGE = YES_ERROR;
				CLANG_WARN_EMPTY_BODY = YES;
				CLANG_WARN_ENUM_CONVERSION = YES;
				CLANG_WARN_INT_CONVERSION = YES;
				CLANG_WARN_OBJC_ROOT_CLASS = YES_ERROR;
				CLANG_WARN_UNREACHABLE_CODE = YES;
				CLANG_WARN__DUPLICATE_METHOD_MATCH = YES;
				"CODE_SIGN_IDENTITY[sdk=iphoneos*]" = "iPhone Developer";
				COPY_PHASE_STRIP = NO;
				ENABLE_STRICT_OBJC_MSGSEND = YES;
				GCC_C_LANGUAGE_STANDARD = gnu99;
				GCC_DYNAMIC_NO_PIC = NO;
				GCC_OPTIMIZATION_LEVEL = 0;
				GCC_PREPROCESSOR_DEFINITIONS = (
					"DEBUG=1",
					"$(inherited)",
				);
				GCC_SYMBOLS_PRIVATE_EXTERN = NO;
				GCC_WARN_64_TO_32_BIT_CONVERSION = YES;
				GCC_WARN_ABOUT_RETURN_TYPE = YES_ERROR;
				GCC_WARN_UNDECLARED_SELECTOR = YES;
				GCC_WARN_UNINITIALIZED_AUTOS = YES_AGGRESSIVE;
				GCC_WARN_UNUSED_FUNCTION = YES;
				GCC_WARN_UNUSED_VARIABLE = YES;
				IPHONEOS_DEPLOYMENT_TARGET = 8.1;
				MTL_ENABLE_DEBUG_INFO = YES;
				ONLY_ACTIVE_ARCH = YES;
				SDKROOT = iphoneos;
			};
			name = Debug;
		};
		849204D41A77E91D00034AB3 /* Release */ = {
			isa = XCBuildConfiguration;
			buildSettings = {
				ALWAYS_SEARCH_USER_PATHS = NO;
				CLANG_CXX_LANGUAGE_STANDARD = "gnu++0x";
				CLANG_CXX_LIBRARY = "libc++";
				CLANG_ENABLE_MODULES = YES;
				CLANG_ENABLE_OBJC_ARC = YES;
				CLANG_WARN_BOOL_CONVERSION = YES;
				CLANG_WARN_CONSTANT_CONVERSION = YES;
				CLANG_WARN_DIRECT_OBJC_ISA_USAGE = YES_ERROR;
				CLANG_WARN_EMPTY_BODY = YES;
				CLANG_WARN_ENUM_CONVERSION = YES;
				CLANG_WARN_INT_CONVERSION = YES;
				CLANG_WARN_OBJC_ROOT_CLASS = YES_ERROR;
				CLANG_WARN_UNREACHABLE_CODE = YES;
				CLANG_WARN__DUPLICATE_METHOD_MATCH = YES;
				"CODE_SIGN_IDENTITY[sdk=iphoneos*]" = "iPhone Developer";
				COPY_PHASE_STRIP = YES;
				ENABLE_NS_ASSERTIONS = NO;
				ENABLE_STRICT_OBJC_MSGSEND = YES;
				GCC_C_LANGUAGE_STANDARD = gnu99;
				GCC_WARN_64_TO_32_BIT_CONVERSION = YES;
				GCC_WARN_ABOUT_RETURN_TYPE = YES_ERROR;
				GCC_WARN_UNDECLARED_SELECTOR = YES;
				GCC_WARN_UNINITIALIZED_AUTOS = YES_AGGRESSIVE;
				GCC_WARN_UNUSED_FUNCTION = YES;
				GCC_WARN_UNUSED_VARIABLE = YES;
				IPHONEOS_DEPLOYMENT_TARGET = 8.1;
				MTL_ENABLE_DEBUG_INFO = NO;
				SDKROOT = iphoneos;
				VALIDATE_PRODUCT = YES;
			};
			name = Release;
		};
		849204D61A77E91D00034AB3 /* Debug */ = {
			isa = XCBuildConfiguration;
			buildSettings = {
				ASSETCATALOG_COMPILER_APPICON_NAME = AppIcon;
				INFOPLIST_FILE = TipsKit/Info.plist;
				LD_RUNPATH_SEARCH_PATHS = "$(inherited) @executable_path/Frameworks";
				PRODUCT_NAME = "$(TARGET_NAME)";
			};
			name = Debug;
		};
		849204D71A77E91D00034AB3 /* Release */ = {
			isa = XCBuildConfiguration;
			buildSettings = {
				ASSETCATALOG_COMPILER_APPICON_NAME = AppIcon;
				INFOPLIST_FILE = TipsKit/Info.plist;
				LD_RUNPATH_SEARCH_PATHS = "$(inherited) @executable_path/Frameworks";
				PRODUCT_NAME = "$(TARGET_NAME)";
			};
			name = Release;
		};
		849204D91A77E91D00034AB3 /* Debug */ = {
			isa = XCBuildConfiguration;
			buildSettings = {
				BUNDLE_LOADER = "$(TEST_HOST)";
				FRAMEWORK_SEARCH_PATHS = (
					"$(SDKROOT)/Developer/Library/Frameworks",
					"$(inherited)",
				);
				GCC_PREPROCESSOR_DEFINITIONS = (
					"DEBUG=1",
					"$(inherited)",
				);
				INFOPLIST_FILE = TipsKitTests/Info.plist;
				LD_RUNPATH_SEARCH_PATHS = "$(inherited) @executable_path/Frameworks @loader_path/Frameworks";
				PRODUCT_NAME = "$(TARGET_NAME)";
				TEST_HOST = "$(BUILT_PRODUCTS_DIR)/TipsKit.app/TipsKit";
			};
			name = Debug;
		};
		849204DA1A77E91D00034AB3 /* Release */ = {
			isa = XCBuildConfiguration;
			buildSettings = {
				BUNDLE_LOADER = "$(TEST_HOST)";
				FRAMEWORK_SEARCH_PATHS = (
					"$(SDKROOT)/Developer/Library/Frameworks",
					"$(inherited)",
				);
				INFOPLIST_FILE = TipsKitTests/Info.plist;
				LD_RUNPATH_SEARCH_PATHS = "$(inherited) @executable_path/Frameworks @loader_path/Frameworks";
				PRODUCT_NAME = "$(TARGET_NAME)";
				TEST_HOST = "$(BUILT_PRODUCTS_DIR)/TipsKit.app/TipsKit";
			};
			name = Release;
		};
/* End XCBuildConfiguration section */

/* Begin XCConfigurationList section */
		849204AD1A77E91D00034AB3 /* Build configuration list for PBXProject "TipsKit" */ = {
			isa = XCConfigurationList;
			buildConfigurations = (
				849204D31A77E91D00034AB3 /* Debug */,
				849204D41A77E91D00034AB3 /* Release */,
			);
			defaultConfigurationIsVisible = 0;
			defaultConfigurationName = Release;
		};
		849204D51A77E91D00034AB3 /* Build configuration list for PBXNativeTarget "TipsKit" */ = {
			isa = XCConfigurationList;
			buildConfigurations = (
				849204D61A77E91D00034AB3 /* Debug */,
				849204D71A77E91D00034AB3 /* Release */,
			);
			defaultConfigurationIsVisible = 0;
			defaultConfigurationName = Release;
		};
		849204D81A77E91D00034AB3 /* Build configuration list for PBXNativeTarget "TipsKitTests" */ = {
			isa = XCConfigurationList;
			buildConfigurations = (
				849204D91A77E91D00034AB3 /* Debug */,
				849204DA1A77E91D00034AB3 /* Release */,
			);
			defaultConfigurationIsVisible = 0;
			defaultConfigurationName = Release;
		};
/* End XCConfigurationList section */
	};
	rootObject = 849204AA1A77E91D00034AB3 /* Project object */;
}
